
Microsoft Visual Studio Solution File, Format Version 12.00
# Visual Studio 14
VisualStudioVersion = 14.0.24720.0
MinimumVisualStudioVersion = 10.0.40219.1
Project("{FAE04EC0-301F-11D3-BF4B-00C04F79EFBC}") = "Att_2", "Att_2\Att_2.csproj", "{30484D87-38FF-4239-8755-FF48F5B2AD8B}"
EndProject
Project("{FAE04EC0-301F-11D3-BF4B-00C04F79EFBC}") = "BLogic", "BLogic\BLogic.csproj", "{EC16D35D-3087-4505-B938-4280A30C48D7}"
EndProject
Global
	GlobalSection(SolutionConfigurationPlatforms) = preSolution
		Debug|Any CPU = Debug|Any CPU
		Release|Any CPU = Release|Any CPU
	EndGlobalSection
	GlobalSection(ProjectConfigurationPlatforms) = postSolution
		{30484D87-38FF-4239-8755-FF48F5B2AD8B}.Debug|Any CPU.ActiveCfg = Debug|Any CPU
		{30484D87-38FF-4239-8755-FF48F5B2AD8B}.Debug|Any CPU.Build.0 = Debug|Any CPU
		{30484D87-38FF-4239-8755-FF48F5B2AD8B}.Release|Any CPU.ActiveCfg = Release|Any CPU
		{30484D87-38FF-4239-8755-FF48F5B2AD8B}.Release|Any CPU.Build.0 = Release|Any CPU
		{EC16D35D-3087-4505-B938-4280A30C48D7}.Debug|Any CPU.ActiveCfg = Debug|Any CPU
		{EC16D35D-3087-4505-B938-4280A30C48D7}.Debug|Any CPU.Build.0 = Debug|Any CPU
		{EC16D35D-3087-4505-B938-4280A30C48D7}.Release|Any CPU.ActiveCfg = Release|Any CPU
		{EC16D35D-3087-4505-B938-4280A30C48D7}.Release|Any CPU.Build.0 = Release|Any CPU
	EndGlobalSection
	GlobalSection(SolutionProperties) = preSolution
		HideSolutionNode = FALSE
	EndGlobalSection
EndGlobal
